
Microsoft Visual Studio Solution File, Format Version 12.00
# Visual Studio 15
VisualStudioVersion = 15.0.28307.1082
MinimumVisualStudioVersion = 10.0.40219.1
Project("{FAE04EC0-301F-11D3-BF4B-00C04F79EFBC}") = "Hero Arcade Drive Example2", "Hero Arcade Drive Example2\Hero Arcade Drive Example2.csproj", "{7333D33B-0AFC-448E-A9E9-F89718DD45FA}"
EndProject
Global
	GlobalSection(SolutionConfigurationPlatforms) = preSolution
		Debug|Any CPU = Debug|Any CPU
		Release|Any CPU = Release|Any CPU
	EndGlobalSection
	GlobalSection(ProjectConfigurationPlatforms) = postSolution
		{7333D33B-0AFC-448E-A9E9-F89718DD45FA}.Debug|Any CPU.ActiveCfg = Debug|Any CPU
		{7333D33B-0AFC-448E-A9E9-F89718DD45FA}.Debug|Any CPU.Build.0 = Debug|Any CPU
		{7333D33B-0AFC-448E-A9E9-F89718DD45FA}.Debug|Any CPU.Deploy.0 = Debug|Any CPU
		{7333D33B-0AFC-448E-A9E9-F89718DD45FA}.Release|Any CPU.ActiveCfg = Release|Any CPU
		{7333D33B-0AFC-448E-A9E9-F89718DD45FA}.Release|Any CPU.Build.0 = Release|Any CPU
		{7333D33B-0AFC-448E-A9E9-F89718DD45FA}.Release|Any CPU.Deploy.0 = Release|Any CPU
	EndGlobalSection
	GlobalSection(SolutionProperties) = preSolution
		HideSolutionNode = FALSE
	EndGlobalSection
	GlobalSection(ExtensibilityGlobals) = postSolution
		SolutionGuid = {EC0AA0C6-2045-40D1-8B76-56517F6D42DE}
	EndGlobalSection
EndGlobal
